{
  "name": "@egret/protobuf",
  "version": "1.1.2",
  "lockfileVersion": 1,
  "requires": true,
  "dependencies": {
    "@types/bluebird": {
      "version": "3.5.24",
      "resolved": "https://registry.npmjs.org/@types/bluebird/-/bluebird-3.5.24.tgz",
      "integrity": "sha512-YeQoDpq4Lm8ppSBqAnAeF/xy1cYp/dMTif2JFcvmAbETMRlvKHT2iLcWu+WyYiJO3b3Ivokwo7EQca/xfLVJmg==",
      "dev": true
    },
    "@types/fs-extra": {
      "version": "4.0.8",
      "resolved": "https://registry.npmjs.org/@types/fs-extra/-/fs-extra-4.0.8.tgz",
      "integrity": "sha512-Z5nu9Pbxj9yNeXIK3UwGlRdJth4cZ5sCq05nI7FaI6B0oz28nxkOtp6Lsz0ZnmLHJGvOJfB/VHxSTbVq/i6ujA==",
      "dev": true,
      "requires": {
        "@types/node": "*"
      }
    },
    "@types/fs-extra-promise": {
      "version": "1.0.7",
      "resolved": "https://registry.npmjs.org/@types/fs-extra-promise/-/fs-extra-promise-1.0.7.tgz",
      "integrity": "sha512-HEyt6v64my1B6fBvMPzS1mc/mxbDikqSzJ7Qw9kHowMKPSPLFSKzaiJo9bsE7xUQa9OwCpEDlX+QEBxPiXnRPg==",
      "dev": true,
      "requires": {
        "@types/bluebird": "*",
        "@types/fs-extra": "^4",
        "@types/node": "*"
      }
    },
    "@types/node": {
      "version": "9.6.31",
      "resolved": "https://registry.npmjs.org/@types/node/-/node-9.6.31.tgz",
      "integrity": "sha512-kIVlvUBizL51ALNMPbmcZoM7quHyB7J6fLRwQe22JsMp39nrVSHdBeVVS3fnQCK1orxI3O8LScmb8cuiihkAfA==",
      "dev": true
    },
    "@types/uglify-js": {
      "version": "2.6.31",
      "resolved": "https://registry.npmjs.org/@types/uglify-js/-/uglify-js-2.6.31.tgz",
      "integrity": "sha512-LjcyGt6CHsgZ0AoofnMwhyxo9hUqz2mgl6IcF+S8B1zdSTxHAvTO/1RPvBAHG3C1ZeAc+AoWA5mb3lDJKtM9Zg==",
      "dev": true,
      "requires": {
        "source-map": "^0.6.1"
      }
    },
    "bluebird": {
      "version": "3.5.2",
      "resolved": "https://registry.npmjs.org/bluebird/-/bluebird-3.5.2.tgz",
      "integrity": "sha512-dhHTWMI7kMx5whMQntl7Vr9C6BvV10lFXDAasnqnrMYhXVCzzk6IO9Fo2L75jXHT07WrOngL1WDXOp+yYS91Yg=="
    },
    "commander": {
      "version": "2.17.1",
      "resolved": "https://registry.npmjs.org/commander/-/commander-2.17.1.tgz",
      "integrity": "sha512-wPMUt6FnH2yzG95SA6mzjQOEKUU3aLaDEmzs1ti+1E9h+CsrZghRlqEM/EJ4KscsQVG8uNN4uVreUeT8+drlgg=="
    },
    "fs-extra": {
      "version": "5.0.0",
      "resolved": "https://registry.npmjs.org/fs-extra/-/fs-extra-5.0.0.tgz",
      "integrity": "sha512-66Pm4RYbjzdyeuqudYqhFiNBbCIuI9kgRqLPSHIlXHidW8NIQtVdkM1yeZ4lXwuhbTETv3EUGMNHAAw6hiundQ==",
      "requires": {
        "graceful-fs": "^4.1.2",
        "jsonfile": "^4.0.0",
        "universalify": "^0.1.0"
      }
    },
    "fs-extra-promise": {
      "version": "1.0.1",
      "resolved": "https://registry.npmjs.org/fs-extra-promise/-/fs-extra-promise-1.0.1.tgz",
      "integrity": "sha1-tu0azpexDga5X0WNBRt/BcZhPuY=",
      "requires": {
        "bluebird": "^3.5.0",
        "fs-extra": "^2.1.2"
      },
      "dependencies": {
        "fs-extra": {
          "version": "2.1.2",
          "resolved": "https://registry.npmjs.org/fs-extra/-/fs-extra-2.1.2.tgz",
          "integrity": "sha1-BGxwFjzvmq1GsOSn+kZ/si1x3jU=",
          "requires": {
            "graceful-fs": "^4.1.2",
            "jsonfile": "^2.1.0"
          }
        },
        "jsonfile": {
          "version": "2.4.0",
          "resolved": "http://registry.npmjs.org/jsonfile/-/jsonfile-2.4.0.tgz",
          "integrity": "sha1-NzaitCi4e72gzIO1P6PWM6NcKug=",
          "requires": {
            "graceful-fs": "^4.1.6"
          }
        }
      }
    },
    "graceful-fs": {
      "version": "4.1.11",
      "resolved": "https://registry.npmjs.org/graceful-fs/-/graceful-fs-4.1.11.tgz",
      "integrity": "sha1-Dovf5NHduIVNZOBOp8AOKgJuVlg="
    },
    "jsonfile": {
      "version": "4.0.0",
      "resolved": "https://registry.npmjs.org/jsonfile/-/jsonfile-4.0.0.tgz",
      "integrity": "sha1-h3Gq4HmbZAdrdmQPygWPnBDjPss=",
      "requires": {
        "graceful-fs": "^4.1.6"
      }
    },
    "source-map": {
      "version": "0.6.1",
      "resolved": "https://registry.npmjs.org/source-map/-/source-map-0.6.1.tgz",
      "integrity": "sha512-UjgapumWlbMhkBgzT7Ykc5YXUT46F0iKu8SGXq0bcwP5dz/h0Plj6enJqjz1Zbq2l5WaqYnrVbwWOWMyF3F47g=="
    },
    "uglify-js": {
      "version": "3.4.9",
      "resolved": "https://registry.npmjs.org/uglify-js/-/uglify-js-3.4.9.tgz",
      "integrity": "sha512-8CJsbKOtEbnJsTyv6LE6m6ZKniqMiFWmm9sRbopbkGs3gMPPfd3Fh8iIA4Ykv5MgaTbqHr4BaoGLJLZNhsrW1Q==",
      "requires": {
        "commander": "~2.17.1",
        "source-map": "~0.6.1"
      }
    },
    "universalify": {
      "version": "0.1.2",
      "resolved": "https://registry.npmjs.org/universalify/-/universalify-0.1.2.tgz",
      "integrity": "sha512-rBJeI5CXAlmy1pV+617WB9J63U6XcazHHF2f2dbJix4XzpUF0RS3Zbj0FGIOCAva5P/d/GBOYaACQ1w+0azUkg=="
    }
  }
}
